
Microsoft Visual Studio Solution File, Format Version 12.00
# Visual Studio 15
VisualStudioVersion = 15.0.26124.0
MinimumVisualStudioVersion = 15.0.26124.0
Project("{FAE04EC0-301F-11D3-BF4B-00C04F79EFBC}") = "Finder.ConsoleApp", "Finder.ConsoleApp\Finder.ConsoleApp.csproj", "{17077F20-DAC2-4809-80FB-86CACB763D52}"
EndProject
Project("{FAE04EC0-301F-11D3-BF4B-00C04F79EFBC}") = "Finder.Domain", "Finder.Domain\Finder.Domain.csproj", "{25F3F1D1-6F72-4720-B2B6-F7693EE34A56}"
EndProject
Project("{FAE04EC0-301F-11D3-BF4B-00C04F79EFBC}") = "Finder.Application.Services", "Finder.Application.Services\Finder.Application.Services.csproj", "{0B1D7C41-E30C-4B95-8C99-C9576BBB190E}"
EndProject
Project("{FAE04EC0-301F-11D3-BF4B-00C04F79EFBC}") = "Finder.Domain.Tests", "Finder.Domain.Tests\Finder.Domain.Tests.csproj", "{EAACCCE2-EECD-43E3-AEE9-A16B15321D61}"
EndProject
Global
	GlobalSection(SolutionConfigurationPlatforms) = preSolution
		Debug|Any CPU = Debug|Any CPU
		Debug|x64 = Debug|x64
		Debug|x86 = Debug|x86
		Release|Any CPU = Release|Any CPU
		Release|x64 = Release|x64
		Release|x86 = Release|x86
	EndGlobalSection
	GlobalSection(SolutionProperties) = preSolution
		HideSolutionNode = FALSE
	EndGlobalSection
	GlobalSection(ProjectConfigurationPlatforms) = postSolution
		{17077F20-DAC2-4809-80FB-86CACB763D52}.Debug|Any CPU.ActiveCfg = Debug|Any CPU
		{17077F20-DAC2-4809-80FB-86CACB763D52}.Debug|Any CPU.Build.0 = Debug|Any CPU
		{17077F20-DAC2-4809-80FB-86CACB763D52}.Debug|x64.ActiveCfg = Debug|Any CPU
		{17077F20-DAC2-4809-80FB-86CACB763D52}.Debug|x64.Build.0 = Debug|Any CPU
		{17077F20-DAC2-4809-80FB-86CACB763D52}.Debug|x86.ActiveCfg = Debug|Any CPU
		{17077F20-DAC2-4809-80FB-86CACB763D52}.Debug|x86.Build.0 = Debug|Any CPU
		{17077F20-DAC2-4809-80FB-86CACB763D52}.Release|Any CPU.ActiveCfg = Release|Any CPU
		{17077F20-DAC2-4809-80FB-86CACB763D52}.Release|Any CPU.Build.0 = Release|Any CPU
		{17077F20-DAC2-4809-80FB-86CACB763D52}.Release|x64.ActiveCfg = Release|Any CPU
		{17077F20-DAC2-4809-80FB-86CACB763D52}.Release|x64.Build.0 = Release|Any CPU
		{17077F20-DAC2-4809-80FB-86CACB763D52}.Release|x86.ActiveCfg = Release|Any CPU
		{17077F20-DAC2-4809-80FB-86CACB763D52}.Release|x86.Build.0 = Release|Any CPU
		{25F3F1D1-6F72-4720-B2B6-F7693EE34A56}.Debug|Any CPU.ActiveCfg = Debug|Any CPU
		{25F3F1D1-6F72-4720-B2B6-F7693EE34A56}.Debug|Any CPU.Build.0 = Debug|Any CPU
		{25F3F1D1-6F72-4720-B2B6-F7693EE34A56}.Debug|x64.ActiveCfg = Debug|Any CPU
		{25F3F1D1-6F72-4720-B2B6-F7693EE34A56}.Debug|x64.Build.0 = Debug|Any CPU
		{25F3F1D1-6F72-4720-B2B6-F7693EE34A56}.Debug|x86.ActiveCfg = Debug|Any CPU
		{25F3F1D1-6F72-4720-B2B6-F7693EE34A56}.Debug|x86.Build.0 = Debug|Any CPU
		{25F3F1D1-6F72-4720-B2B6-F7693EE34A56}.Release|Any CPU.ActiveCfg = Release|Any CPU
		{25F3F1D1-6F72-4720-B2B6-F7693EE34A56}.Release|Any CPU.Build.0 = Release|Any CPU
		{25F3F1D1-6F72-4720-B2B6-F7693EE34A56}.Release|x64.ActiveCfg = Release|Any CPU
		{25F3F1D1-6F72-4720-B2B6-F7693EE34A56}.Release|x64.Build.0 = Release|Any CPU
		{25F3F1D1-6F72-4720-B2B6-F7693EE34A56}.Release|x86.ActiveCfg = Release|Any CPU
		{25F3F1D1-6F72-4720-B2B6-F7693EE34A56}.Release|x86.Build.0 = Release|Any CPU
		{0B1D7C41-E30C-4B95-8C99-C9576BBB190E}.Debug|Any CPU.ActiveCfg = Debug|Any CPU
		{0B1D7C41-E30C-4B95-8C99-C9576BBB190E}.Debug|Any CPU.Build.0 = Debug|Any CPU
		{0B1D7C41-E30C-4B95-8C99-C9576BBB190E}.Debug|x64.ActiveCfg = Debug|Any CPU
		{0B1D7C41-E30C-4B95-8C99-C9576BBB190E}.Debug|x64.Build.0 = Debug|Any CPU
		{0B1D7C41-E30C-4B95-8C99-C9576BBB190E}.Debug|x86.ActiveCfg = Debug|Any CPU
		{0B1D7C41-E30C-4B95-8C99-C9576BBB190E}.Debug|x86.Build.0 = Debug|Any CPU
		{0B1D7C41-E30C-4B95-8C99-C9576BBB190E}.Release|Any CPU.ActiveCfg = Release|Any CPU
		{0B1D7C41-E30C-4B95-8C99-C9576BBB190E}.Release|Any CPU.Build.0 = Release|Any CPU
		{0B1D7C41-E30C-4B95-8C99-C9576BBB190E}.Release|x64.ActiveCfg = Release|Any CPU
		{0B1D7C41-E30C-4B95-8C99-C9576BBB190E}.Release|x64.Build.0 = Release|Any CPU
		{0B1D7C41-E30C-4B95-8C99-C9576BBB190E}.Release|x86.ActiveCfg = Release|Any CPU
		{0B1D7C41-E30C-4B95-8C99-C9576BBB190E}.Release|x86.Build.0 = Release|Any CPU
		{EAACCCE2-EECD-43E3-AEE9-A16B15321D61}.Debug|Any CPU.ActiveCfg = Debug|Any CPU
		{EAACCCE2-EECD-43E3-AEE9-A16B15321D61}.Debug|Any CPU.Build.0 = Debug|Any CPU
		{EAACCCE2-EECD-43E3-AEE9-A16B15321D61}.Debug|x64.ActiveCfg = Debug|Any CPU
		{EAACCCE2-EECD-43E3-AEE9-A16B15321D61}.Debug|x64.Build.0 = Debug|Any CPU
		{EAACCCE2-EECD-43E3-AEE9-A16B15321D61}.Debug|x86.ActiveCfg = Debug|Any CPU
		{EAACCCE2-EECD-43E3-AEE9-A16B15321D61}.Debug|x86.Build.0 = Debug|Any CPU
		{EAACCCE2-EECD-43E3-AEE9-A16B15321D61}.Release|Any CPU.ActiveCfg = Release|Any CPU
		{EAACCCE2-EECD-43E3-AEE9-A16B15321D61}.Release|Any CPU.Build.0 = Release|Any CPU
		{EAACCCE2-EECD-43E3-AEE9-A16B15321D61}.Release|x64.ActiveCfg = Release|Any CPU
		{EAACCCE2-EECD-43E3-AEE9-A16B15321D61}.Release|x64.Build.0 = Release|Any CPU
		{EAACCCE2-EECD-43E3-AEE9-A16B15321D61}.Release|x86.ActiveCfg = Release|Any CPU
		{EAACCCE2-EECD-43E3-AEE9-A16B15321D61}.Release|x86.Build.0 = Release|Any CPU
	EndGlobalSection
EndGlobal
